
Microsoft Visual Studio Solution File, Format Version 12.00
# Visual Studio Version 16
VisualStudioVersion = 16.0.32428.217
MinimumVisualStudioVersion = 10.0.40219.1
Project("{FAE04EC0-301F-11D3-BF4B-00C04F79EFBC}") = "ConstructorSubmission", "ConstructorSubmission\ConstructorSubmission.csproj", "{2F1810E9-14E9-4C92-B975-B07371CDBC40}"
EndProject
Global
	GlobalSection(SolutionConfigurationPlatforms) = preSolution
		Debug|Any CPU = Debug|Any CPU
		Release|Any CPU = Release|Any CPU
	EndGlobalSection
	GlobalSection(ProjectConfigurationPlatforms) = postSolution
		{2F1810E9-14E9-4C92-B975-B07371CDBC40}.Debug|Any CPU.ActiveCfg = Debug|Any CPU
		{2F1810E9-14E9-4C92-B975-B07371CDBC40}.Debug|Any CPU.Build.0 = Debug|Any CPU
		{2F1810E9-14E9-4C92-B975-B07371CDBC40}.Release|Any CPU.ActiveCfg = Release|Any CPU
		{2F1810E9-14E9-4C92-B975-B07371CDBC40}.Release|Any CPU.Build.0 = Release|Any CPU
	EndGlobalSection
	GlobalSection(SolutionProperties) = preSolution
		HideSolutionNode = FALSE
	EndGlobalSection
	GlobalSection(ExtensibilityGlobals) = postSolution
		SolutionGuid = {ED528E25-F9FD-47CF-852E-C4DA0F0EB115}
	EndGlobalSection
EndGlobal
