
Microsoft Visual Studio Solution File, Format Version 12.00
# Visual Studio Version 16
VisualStudioVersion = 16.0.32428.217
MinimumVisualStudioVersion = 10.0.40219.1
Project("{FAE04EC0-301F-11D3-BF4B-00C04F79EFBC}") = "DatabaseApp", "DatabaseApp\DatabaseApp.csproj", "{905C5BB6-B668-4FE5-BCC1-49F6F05F54CE}"
EndProject
Global
	GlobalSection(SolutionConfigurationPlatforms) = preSolution
		Debug|Any CPU = Debug|Any CPU
		Release|Any CPU = Release|Any CPU
	EndGlobalSection
	GlobalSection(ProjectConfigurationPlatforms) = postSolution
		{905C5BB6-B668-4FE5-BCC1-49F6F05F54CE}.Debug|Any CPU.ActiveCfg = Debug|Any CPU
		{905C5BB6-B668-4FE5-BCC1-49F6F05F54CE}.Debug|Any CPU.Build.0 = Debug|Any CPU
		{905C5BB6-B668-4FE5-BCC1-49F6F05F54CE}.Release|Any CPU.ActiveCfg = Release|Any CPU
		{905C5BB6-B668-4FE5-BCC1-49F6F05F54CE}.Release|Any CPU.Build.0 = Release|Any CPU
	EndGlobalSection
	GlobalSection(SolutionProperties) = preSolution
		HideSolutionNode = FALSE
	EndGlobalSection
	GlobalSection(ExtensibilityGlobals) = postSolution
		SolutionGuid = {83AF60A9-2C89-4033-B7CC-1C6CB4DE1FC3}
	EndGlobalSection
EndGlobal
