
Microsoft Visual Studio Solution File, Format Version 12.00
# Visual Studio Version 16
VisualStudioVersion = 16.0.32428.217
MinimumVisualStudioVersion = 10.0.40219.1
Project("{FAE04EC0-301F-11D3-BF4B-00C04F79EFBC}") = "CallingMethodsAssignment", "CallingMethodsAssignment\CallingMethodsAssignment.csproj", "{D6E03ECB-2387-41F2-9FF5-AEA9C0580133}"
EndProject
Global
	GlobalSection(SolutionConfigurationPlatforms) = preSolution
		Debug|Any CPU = Debug|Any CPU
		Release|Any CPU = Release|Any CPU
	EndGlobalSection
	GlobalSection(ProjectConfigurationPlatforms) = postSolution
		{D6E03ECB-2387-41F2-9FF5-AEA9C0580133}.Debug|Any CPU.ActiveCfg = Debug|Any CPU
		{D6E03ECB-2387-41F2-9FF5-AEA9C0580133}.Debug|Any CPU.Build.0 = Debug|Any CPU
		{D6E03ECB-2387-41F2-9FF5-AEA9C0580133}.Release|Any CPU.ActiveCfg = Release|Any CPU
		{D6E03ECB-2387-41F2-9FF5-AEA9C0580133}.Release|Any CPU.Build.0 = Release|Any CPU
	EndGlobalSection
	GlobalSection(SolutionProperties) = preSolution
		HideSolutionNode = FALSE
	EndGlobalSection
	GlobalSection(ExtensibilityGlobals) = postSolution
		SolutionGuid = {11220B2D-F792-44D7-BE6F-26B226CD3189}
	EndGlobalSection
EndGlobal
