
Microsoft Visual Studio Solution File, Format Version 12.00
# Visual Studio Version 16
VisualStudioVersion = 16.0.32428.217
MinimumVisualStudioVersion = 10.0.40219.1
Project("{FAE04EC0-301F-11D3-BF4B-00C04F79EFBC}") = "CallingMethodsSubmissionAssignment", "CallingMethodsSubmissionAssignment\CallingMethodsSubmissionAssignment.csproj", "{DAD38A0C-DF5B-4AA1-AAE8-70C7EC283B4F}"
EndProject
Global
	GlobalSection(SolutionConfigurationPlatforms) = preSolution
		Debug|Any CPU = Debug|Any CPU
		Release|Any CPU = Release|Any CPU
	EndGlobalSection
	GlobalSection(ProjectConfigurationPlatforms) = postSolution
		{DAD38A0C-DF5B-4AA1-AAE8-70C7EC283B4F}.Debug|Any CPU.ActiveCfg = Debug|Any CPU
		{DAD38A0C-DF5B-4AA1-AAE8-70C7EC283B4F}.Debug|Any CPU.Build.0 = Debug|Any CPU
		{DAD38A0C-DF5B-4AA1-AAE8-70C7EC283B4F}.Release|Any CPU.ActiveCfg = Release|Any CPU
		{DAD38A0C-DF5B-4AA1-AAE8-70C7EC283B4F}.Release|Any CPU.Build.0 = Release|Any CPU
	EndGlobalSection
	GlobalSection(SolutionProperties) = preSolution
		HideSolutionNode = FALSE
	EndGlobalSection
	GlobalSection(ExtensibilityGlobals) = postSolution
		SolutionGuid = {FBB19FAB-CAB0-4B89-AB6F-2F6AE89940C2}
	EndGlobalSection
EndGlobal
