
Microsoft Visual Studio Solution File, Format Version 12.00
# Visual Studio Version 16
VisualStudioVersion = 16.0.32428.217
MinimumVisualStudioVersion = 10.0.40219.1
Project("{FAE04EC0-301F-11D3-BF4B-00C04F79EFBC}") = "ConsoleApp1", "ConsoleApp1\ConsoleApp1.csproj", "{0AEA2D99-EDD4-4C4D-A4CC-814C820CFCFD}"
EndProject
Global
	GlobalSection(SolutionConfigurationPlatforms) = preSolution
		Debug|Any CPU = Debug|Any CPU
		Release|Any CPU = Release|Any CPU
	EndGlobalSection
	GlobalSection(ProjectConfigurationPlatforms) = postSolution
		{0AEA2D99-EDD4-4C4D-A4CC-814C820CFCFD}.Debug|Any CPU.ActiveCfg = Debug|Any CPU
		{0AEA2D99-EDD4-4C4D-A4CC-814C820CFCFD}.Debug|Any CPU.Build.0 = Debug|Any CPU
		{0AEA2D99-EDD4-4C4D-A4CC-814C820CFCFD}.Release|Any CPU.ActiveCfg = Release|Any CPU
		{0AEA2D99-EDD4-4C4D-A4CC-814C820CFCFD}.Release|Any CPU.Build.0 = Release|Any CPU
	EndGlobalSection
	GlobalSection(SolutionProperties) = preSolution
		HideSolutionNode = FALSE
	EndGlobalSection
	GlobalSection(ExtensibilityGlobals) = postSolution
		SolutionGuid = {887E6F07-AAAA-4AF7-AED3-7B5925A4DB70}
	EndGlobalSection
EndGlobal
