
Microsoft Visual Studio Solution File, Format Version 12.00
# Visual Studio Version 16
VisualStudioVersion = 16.0.32428.217
MinimumVisualStudioVersion = 10.0.40219.1
Project("{FAE04EC0-301F-11D3-BF4B-00C04F79EFBC}") = "BooleanLogicSubmissionAssignment", "BooleanLogicSubmissionAssignment\BooleanLogicSubmissionAssignment.csproj", "{DD144F0E-C87F-42C4-B80A-E6FCB7F53481}"
EndProject
Global
	GlobalSection(SolutionConfigurationPlatforms) = preSolution
		Debug|Any CPU = Debug|Any CPU
		Release|Any CPU = Release|Any CPU
	EndGlobalSection
	GlobalSection(ProjectConfigurationPlatforms) = postSolution
		{DD144F0E-C87F-42C4-B80A-E6FCB7F53481}.Debug|Any CPU.ActiveCfg = Debug|Any CPU
		{DD144F0E-C87F-42C4-B80A-E6FCB7F53481}.Debug|Any CPU.Build.0 = Debug|Any CPU
		{DD144F0E-C87F-42C4-B80A-E6FCB7F53481}.Release|Any CPU.ActiveCfg = Release|Any CPU
		{DD144F0E-C87F-42C4-B80A-E6FCB7F53481}.Release|Any CPU.Build.0 = Release|Any CPU
	EndGlobalSection
	GlobalSection(SolutionProperties) = preSolution
		HideSolutionNode = FALSE
	EndGlobalSection
	GlobalSection(ExtensibilityGlobals) = postSolution
		SolutionGuid = {91E5134C-FDD3-4D92-AB48-99883484BB0A}
	EndGlobalSection
EndGlobal
