
Microsoft Visual Studio Solution File, Format Version 12.00
# Visual Studio Version 16
VisualStudioVersion = 16.0.32428.217
MinimumVisualStudioVersion = 10.0.40219.1
Project("{FAE04EC0-301F-11D3-BF4B-00C04F79EFBC}") = "IterationsAssignment", "IterationsAssignment\IterationsAssignment.csproj", "{2159EEFF-B17B-4981-8C61-D50BA71DB110}"
EndProject
Global
	GlobalSection(SolutionConfigurationPlatforms) = preSolution
		Debug|Any CPU = Debug|Any CPU
		Release|Any CPU = Release|Any CPU
	EndGlobalSection
	GlobalSection(ProjectConfigurationPlatforms) = postSolution
		{2159EEFF-B17B-4981-8C61-D50BA71DB110}.Debug|Any CPU.ActiveCfg = Debug|Any CPU
		{2159EEFF-B17B-4981-8C61-D50BA71DB110}.Debug|Any CPU.Build.0 = Debug|Any CPU
		{2159EEFF-B17B-4981-8C61-D50BA71DB110}.Release|Any CPU.ActiveCfg = Release|Any CPU
		{2159EEFF-B17B-4981-8C61-D50BA71DB110}.Release|Any CPU.Build.0 = Release|Any CPU
	EndGlobalSection
	GlobalSection(SolutionProperties) = preSolution
		HideSolutionNode = FALSE
	EndGlobalSection
	GlobalSection(ExtensibilityGlobals) = postSolution
		SolutionGuid = {8CD954B2-04E1-495C-BB81-FBEB133BD6A0}
	EndGlobalSection
EndGlobal
