
Microsoft Visual Studio Solution File, Format Version 12.00
# Visual Studio Version 16
VisualStudioVersion = 16.0.32428.217
MinimumVisualStudioVersion = 10.0.40219.1
Project("{FAE04EC0-301F-11D3-BF4B-00C04F79EFBC}") = "StringFunctions", "StringFunctions\StringFunctions.csproj", "{FE46D1B1-D5B5-4AA6-A486-BF803D0B1413}"
EndProject
Global
	GlobalSection(SolutionConfigurationPlatforms) = preSolution
		Debug|Any CPU = Debug|Any CPU
		Release|Any CPU = Release|Any CPU
	EndGlobalSection
	GlobalSection(ProjectConfigurationPlatforms) = postSolution
		{FE46D1B1-D5B5-4AA6-A486-BF803D0B1413}.Debug|Any CPU.ActiveCfg = Debug|Any CPU
		{FE46D1B1-D5B5-4AA6-A486-BF803D0B1413}.Debug|Any CPU.Build.0 = Debug|Any CPU
		{FE46D1B1-D5B5-4AA6-A486-BF803D0B1413}.Release|Any CPU.ActiveCfg = Release|Any CPU
		{FE46D1B1-D5B5-4AA6-A486-BF803D0B1413}.Release|Any CPU.Build.0 = Release|Any CPU
	EndGlobalSection
	GlobalSection(SolutionProperties) = preSolution
		HideSolutionNode = FALSE
	EndGlobalSection
	GlobalSection(ExtensibilityGlobals) = postSolution
		SolutionGuid = {7BC054B7-D77A-4251-9B13-809D58E426D4}
	EndGlobalSection
EndGlobal
