
Microsoft Visual Studio Solution File, Format Version 12.00
# Visual Studio Version 16
VisualStudioVersion = 16.0.32428.217
MinimumVisualStudioVersion = 10.0.40219.1
Project("{FAE04EC0-301F-11D3-BF4B-00C04F79EFBC}") = "Iteration", "Iteration\Iteration.csproj", "{9CF11390-9498-4261-8C13-8DA34C4F2ADE}"
EndProject
Global
	GlobalSection(SolutionConfigurationPlatforms) = preSolution
		Debug|Any CPU = Debug|Any CPU
		Release|Any CPU = Release|Any CPU
	EndGlobalSection
	GlobalSection(ProjectConfigurationPlatforms) = postSolution
		{9CF11390-9498-4261-8C13-8DA34C4F2ADE}.Debug|Any CPU.ActiveCfg = Debug|Any CPU
		{9CF11390-9498-4261-8C13-8DA34C4F2ADE}.Debug|Any CPU.Build.0 = Debug|Any CPU
		{9CF11390-9498-4261-8C13-8DA34C4F2ADE}.Release|Any CPU.ActiveCfg = Release|Any CPU
		{9CF11390-9498-4261-8C13-8DA34C4F2ADE}.Release|Any CPU.Build.0 = Release|Any CPU
	EndGlobalSection
	GlobalSection(SolutionProperties) = preSolution
		HideSolutionNode = FALSE
	EndGlobalSection
	GlobalSection(ExtensibilityGlobals) = postSolution
		SolutionGuid = {54FFA3EB-5D86-4F3A-AA72-7F27BEBF3CCC}
	EndGlobalSection
EndGlobal
